
Microsoft Visual Studio Solution File, Format Version 12.00
# Visual Studio 14
VisualStudioVersion = 14.0.23107.0
MinimumVisualStudioVersion = 10.0.40219.1
Project("{FAE04EC0-301F-11D3-BF4B-00C04F79EFBC}") = "Peasy.DataProxy.InMemory", "Peasy.DataProxy.InMemory\Peasy.DataProxy.InMemory.csproj", "{E4238C97-DD76-47F7-AD84-E4137ADF2646}"
EndProject
Project("{FAE04EC0-301F-11D3-BF4B-00C04F79EFBC}") = "Peasy.DataProxy.InMemory.Tests", "Peasy.DataProxy.InMemory.Tests\Peasy.DataProxy.InMemory.Tests.csproj", "{CF2B9EE1-72E3-4CAE-BDAD-BD13E70807DA}"
EndProject
Global
	GlobalSection(SolutionConfigurationPlatforms) = preSolution
		Debug|Any CPU = Debug|Any CPU
		Release|Any CPU = Release|Any CPU
	EndGlobalSection
	GlobalSection(ProjectConfigurationPlatforms) = postSolution
		{E4238C97-DD76-47F7-AD84-E4137ADF2646}.Debug|Any CPU.ActiveCfg = Debug|Any CPU
		{E4238C97-DD76-47F7-AD84-E4137ADF2646}.Debug|Any CPU.Build.0 = Debug|Any CPU
		{E4238C97-DD76-47F7-AD84-E4137ADF2646}.Release|Any CPU.ActiveCfg = Release|Any CPU
		{E4238C97-DD76-47F7-AD84-E4137ADF2646}.Release|Any CPU.Build.0 = Release|Any CPU
		{CF2B9EE1-72E3-4CAE-BDAD-BD13E70807DA}.Debug|Any CPU.ActiveCfg = Debug|Any CPU
		{CF2B9EE1-72E3-4CAE-BDAD-BD13E70807DA}.Debug|Any CPU.Build.0 = Debug|Any CPU
		{CF2B9EE1-72E3-4CAE-BDAD-BD13E70807DA}.Release|Any CPU.ActiveCfg = Release|Any CPU
		{CF2B9EE1-72E3-4CAE-BDAD-BD13E70807DA}.Release|Any CPU.Build.0 = Release|Any CPU
	EndGlobalSection
	GlobalSection(SolutionProperties) = preSolution
		HideSolutionNode = FALSE
	EndGlobalSection
EndGlobal
